// !$*UTF8*$!
{
	archiveVersion = 1;
	classes = {
	};
	objectVersion = 46;
	objects = {

/* Begin PBXBuildFile section */
		5629C8281AF1D94600135CA3 /* RosterInputViewController.m in Sources */ = {isa = PBXBuildFile; fileRef = 5629C8271AF1D94600135CA3 /* RosterInputViewController.m */; };
		5629C82C1AF1E31400135CA3 /* DatesInputViewController.m in Sources */ = {isa = PBXBuildFile; fileRef = 5629C82B1AF1E31400135CA3 /* DatesInputViewController.m */; };
		5629C82F1AF1E7F300135CA3 /* CheckedInStudentsTableViewController.m in Sources */ = {isa = PBXBuildFile; fileRef = 5629C82E1AF1E7F300135CA3 /* CheckedInStudentsTableViewController.m */; };
		564FFE231AF166ED00214A4E /* main.m in Sources */ = {isa = PBXBuildFile; fileRef = 564FFE221AF166ED00214A4E /* main.m */; };
		564FFE261AF166ED00214A4E /* AppDelegate.m in Sources */ = {isa = PBXBuildFile; fileRef = 564FFE251AF166ED00214A4E /* AppDelegate.m */; };
		564FFE291AF166ED00214A4E /* ViewController.m in Sources */ = {isa = PBXBuildFile; fileRef = 564FFE281AF166ED00214A4E /* ViewController.m */; };
		564FFE2C1AF166ED00214A4E /* Main.storyboard in Resources */ = {isa = PBXBuildFile; fileRef = 564FFE2A1AF166ED00214A4E /* Main.storyboard */; };
		564FFE2E1AF166ED00214A4E /* Images.xcassets in Resources */ = {isa = PBXBuildFile; fileRef = 564FFE2D1AF166ED00214A4E /* Images.xcassets */; };
		564FFE311AF166ED00214A4E /* LaunchScreen.xib in Resources */ = {isa = PBXBuildFile; fileRef = 564FFE2F1AF166ED00214A4E /* LaunchScreen.xib */; };
		564FFE3D1AF166ED00214A4E /* Class_Check_InTests.m in Sources */ = {isa = PBXBuildFile; fileRef = 564FFE3C1AF166ED00214A4E /* Class_Check_InTests.m */; };
		564FFE4E1AF1706100214A4E /* DatesTableViewController.m in Sources */ = {isa = PBXBuildFile; fileRef = 564FFE4D1AF1706100214A4E /* DatesTableViewController.m */; };
		564FFE511AF171A400214A4E /* RosterTableViewController.m in Sources */ = {isa = PBXBuildFile; fileRef = 564FFE501AF171A400214A4E /* RosterTableViewController.m */; };
		564FFE541AF172A100214A4E /* Class_Check_In_Model.m in Sources */ = {isa = PBXBuildFile; fileRef = 564FFE531AF172A100214A4E /* Class_Check_In_Model.m */; };
		56CDD5801AF95E4500890A48 /* CheckInViewController.m in Sources */ = {isa = PBXBuildFile; fileRef = 56CDD57F1AF95E4500890A48 /* CheckInViewController.m */; };
		56CDD5841AF9739D00890A48 /* AvailableDatesTableViewController.m in Sources */ = {isa = PBXBuildFile; fileRef = 56CDD5831AF9739D00890A48 /* AvailableDatesTableViewController.m */; };
		56CDD5891AF9752500890A48 /* dates.plist in Resources */ = {isa = PBXBuildFile; fileRef = 56CDD5881AF9752500890A48 /* dates.plist */; };
/* End PBXBuildFile section */

/* Begin PBXContainerItemProxy section */
		564FFE371AF166ED00214A4E /* PBXContainerItemProxy */ = {
			isa = PBXContainerItemProxy;
			containerPortal = 564FFE151AF166ED00214A4E /* Project object */;
			proxyType = 1;
			remoteGlobalIDString = 564FFE1C1AF166ED00214A4E;
			remoteInfo = Class_Check_In;
		};
/* End PBXContainerItemProxy section */

/* Begin PBXFileReference section */
		5629C8261AF1D94600135CA3 /* RosterInputViewController.h */ = {isa = PBXFileReference; fileEncoding = 4; lastKnownFileType = sourcecode.c.h; path = RosterInputViewController.h; sourceTree = "<group>"; };
		5629C8271AF1D94600135CA3 /* RosterInputViewController.m */ = {isa = PBXFileReference; fileEncoding = 4; lastKnownFileType = sourcecode.c.objc; path = RosterInputViewController.m; sourceTree = "<group>"; };
		5629C82A1AF1E31400135CA3 /* DatesInputViewController.h */ = {isa = PBXFileReference; fileEncoding = 4; lastKnownFileType = sourcecode.c.h; path = DatesInputViewController.h; sourceTree = "<group>"; };
		5629C82B1AF1E31400135CA3 /* DatesInputViewController.m */ = {isa = PBXFileReference; fileEncoding = 4; lastKnownFileType = sourcecode.c.objc; path = DatesInputViewController.m; sourceTree = "<group>"; };
		5629C82D1AF1E7F300135CA3 /* CheckedInStudentsTableViewController.h */ = {isa = PBXFileReference; fileEncoding = 4; lastKnownFileType = sourcecode.c.h; path = CheckedInStudentsTableViewController.h; sourceTree = "<group>"; };
		5629C82E1AF1E7F300135CA3 /* CheckedInStudentsTableViewController.m */ = {isa = PBXFileReference; fileEncoding = 4; lastKnownFileType = sourcecode.c.objc; path = CheckedInStudentsTableViewController.m; sourceTree = "<group>"; };
		564FFE1D1AF166ED00214A4E /* Class_Check_In.app */ = {isa = PBXFileReference; explicitFileType = wrapper.application; includeInIndex = 0; path = Class_Check_In.app; sourceTree = BUILT_PRODUCTS_DIR; };
		564FFE211AF166ED00214A4E /* Info.plist */ = {isa = PBXFileReference; lastKnownFileType = text.plist.xml; path = Info.plist; sourceTree = "<group>"; };
		564FFE221AF166ED00214A4E /* main.m */ = {isa = PBXFileReference; lastKnownFileType = sourcecode.c.objc; path = main.m; sourceTree = "<group>"; };
		564FFE241AF166ED00214A4E /* AppDelegate.h */ = {isa = PBXFileReference; lastKnownFileType = sourcecode.c.h; path = AppDelegate.h; sourceTree = "<group>"; };
		564FFE251AF166ED00214A4E /* AppDelegate.m */ = {isa = PBXFileReference; lastKnownFileType = sourcecode.c.objc; path = AppDelegate.m; sourceTree = "<group>"; };
		564FFE271AF166ED00214A4E /* ViewController.h */ = {isa = PBXFileReference; lastKnownFileType = sourcecode.c.h; path = ViewController.h; sourceTree = "<group>"; };
		564FFE281AF166ED00214A4E /* ViewController.m */ = {isa = PBXFileReference; lastKnownFileType = sourcecode.c.objc; path = ViewController.m; sourceTree = "<group>"; };
		564FFE2B1AF166ED00214A4E /* Base */ = {isa = PBXFileReference; lastKnownFileType = file.storyboard; name = Base; path = Base.lproj/Main.storyboard; sourceTree = "<group>"; };
		564FFE2D1AF166ED00214A4E /* Images.xcassets */ = {isa = PBXFileReference; lastKnownFileType = folder.assetcatalog; path = Images.xcassets; sourceTree = "<group>"; };
		564FFE301AF166ED00214A4E /* Base */ = {isa = PBXFileReference; lastKnownFileType = file.xib; name = Base; path = Base.lproj/LaunchScreen.xib; sourceTree = "<group>"; };
		564FFE361AF166ED00214A4E /* Class_Check_InTests.xctest */ = {isa = PBXFileReference; explicitFileType = wrapper.cfbundle; includeInIndex = 0; path = Class_Check_InTests.xctest; sourceTree = BUILT_PRODUCTS_DIR; };
		564FFE3B1AF166ED00214A4E /* Info.plist */ = {isa = PBXFileReference; lastKnownFileType = text.plist.xml; path = Info.plist; sourceTree = "<group>"; };
		564FFE3C1AF166ED00214A4E /* Class_Check_InTests.m */ = {isa = PBXFileReference; lastKnownFileType = sourcecode.c.objc; path = Class_Check_InTests.m; sourceTree = "<group>"; };
		564FFE4C1AF1706100214A4E /* DatesTableViewController.h */ = {isa = PBXFileReference; fileEncoding = 4; lastKnownFileType = sourcecode.c.h; path = DatesTableViewController.h; sourceTree = "<group>"; };
		564FFE4D1AF1706100214A4E /* DatesTableViewController.m */ = {isa = PBXFileReference; fileEncoding = 4; lastKnownFileType = sourcecode.c.objc; path = DatesTableViewController.m; sourceTree = "<group>"; };
		564FFE4F1AF171A400214A4E /* RosterTableViewController.h */ = {isa = PBXFileReference; fileEncoding = 4; lastKnownFileType = sourcecode.c.h; path = RosterTableViewController.h; sourceTree = "<group>"; };
		564FFE501AF171A400214A4E /* RosterTableViewController.m */ = {isa = PBXFileReference; fileEncoding = 4; lastKnownFileType = sourcecode.c.objc; path = RosterTableViewController.m; sourceTree = "<group>"; };
		564FFE521AF172A100214A4E /* Class_Check_In_Model.h */ = {isa = PBXFileReference; fileEncoding = 4; lastKnownFileType = sourcecode.c.h; path = Class_Check_In_Model.h; sourceTree = "<group>"; };
		564FFE531AF172A100214A4E /* Class_Check_In_Model.m */ = {isa = PBXFileReference; fileEncoding = 4; lastKnownFileType = sourcecode.c.objc; path = Class_Check_In_Model.m; sourceTree = "<group>"; };
		56CDD57E1AF95E4500890A48 /* CheckInViewController.h */ = {isa = PBXFileReference; fileEncoding = 4; lastKnownFileType = sourcecode.c.h; path = CheckInViewController.h; sourceTree = "<group>"; };
		56CDD57F1AF95E4500890A48 /* CheckInViewController.m */ = {isa = PBXFileReference; fileEncoding = 4; lastKnownFileType = sourcecode.c.objc; path = CheckInViewController.m; sourceTree = "<group>"; };
		56CDD5821AF9739D00890A48 /* AvailableDatesTableViewController.h */ = {isa = PBXFileReference; fileEncoding = 4; lastKnownFileType = sourcecode.c.h; path = AvailableDatesTableViewController.h; sourceTree = "<group>"; };
		56CDD5831AF9739D00890A48 /* AvailableDatesTableViewController.m */ = {isa = PBXFileReference; fileEncoding = 4; lastKnownFileType = sourcecode.c.objc; path = AvailableDatesTableViewController.m; sourceTree = "<group>"; };
		56CDD5881AF9752500890A48 /* dates.plist */ = {isa = PBXFileReference; fileEncoding = 4; lastKnownFileType = text.plist.xml; path = dates.plist; sourceTree = "<group>"; };
/* End PBXFileReference section */

/* Begin PBXFrameworksBuildPhase section */
		564FFE1A1AF166ED00214A4E /* Frameworks */ = {
			isa = PBXFrameworksBuildPhase;
			buildActionMask = 2147483647;
			files = (
			);
			runOnlyForDeploymentPostprocessing = 0;
		};
		564FFE331AF166ED00214A4E /* Frameworks */ = {
			isa = PBXFrameworksBuildPhase;
			buildActionMask = 2147483647;
			files = (
			);
			runOnlyForDeploymentPostprocessing = 0;
		};
/* End PBXFrameworksBuildPhase section */

/* Begin PBXGroup section */
		564FFE141AF166EC00214A4E = {
			isa = PBXGroup;
			children = (
				56CDD5881AF9752500890A48 /* dates.plist */,
				564FFE1F1AF166ED00214A4E /* Class_Check_In */,
				564FFE391AF166ED00214A4E /* Class_Check_InTests */,
				564FFE1E1AF166ED00214A4E /* Products */,
			);
			sourceTree = "<group>";
		};
		564FFE1E1AF166ED00214A4E /* Products */ = {
			isa = PBXGroup;
			children = (
				564FFE1D1AF166ED00214A4E /* Class_Check_In.app */,
				564FFE361AF166ED00214A4E /* Class_Check_InTests.xctest */,
			);
			name = Products;
			sourceTree = "<group>";
		};
		564FFE1F1AF166ED00214A4E /* Class_Check_In */ = {
			isa = PBXGroup;
			children = (
				564FFE491AF16E4200214A4E /* Model */,
				564FFE4B1AF16E5B00214A4E /* View */,
				564FFE4A1AF16E5200214A4E /* Controller */,
				564FFE241AF166ED00214A4E /* AppDelegate.h */,
				564FFE251AF166ED00214A4E /* AppDelegate.m */,
				564FFE2D1AF166ED00214A4E /* Images.xcassets */,
				564FFE2F1AF166ED00214A4E /* LaunchScreen.xib */,
				564FFE201AF166ED00214A4E /* Supporting Files */,
			);
			path = Class_Check_In;
			sourceTree = "<group>";
		};
		564FFE201AF166ED00214A4E /* Supporting Files */ = {
			isa = PBXGroup;
			children = (
				564FFE211AF166ED00214A4E /* Info.plist */,
				564FFE221AF166ED00214A4E /* main.m */,
			);
			name = "Supporting Files";
			sourceTree = "<group>";
		};
		564FFE391AF166ED00214A4E /* Class_Check_InTests */ = {
			isa = PBXGroup;
			children = (
				564FFE3C1AF166ED00214A4E /* Class_Check_InTests.m */,
				564FFE3A1AF166ED00214A4E /* Supporting Files */,
			);
			path = Class_Check_InTests;
			sourceTree = "<group>";
		};
		564FFE3A1AF166ED00214A4E /* Supporting Files */ = {
			isa = PBXGroup;
			children = (
				564FFE3B1AF166ED00214A4E /* Info.plist */,
			);
			name = "Supporting Files";
			sourceTree = "<group>";
		};
		564FFE491AF16E4200214A4E /* Model */ = {
			isa = PBXGroup;
			children = (
				564FFE521AF172A100214A4E /* Class_Check_In_Model.h */,
				564FFE531AF172A100214A4E /* Class_Check_In_Model.m */,
			);
			name = Model;
			sourceTree = "<group>";
		};
		564FFE4A1AF16E5200214A4E /* Controller */ = {
			isa = PBXGroup;
			children = (
				56CDD5851AF973BC00890A48 /* AddingDate */,
				56CDD5861AF973C800890A48 /* AddingInRoster */,
				56CDD5811AF9737600890A48 /* CheckingIn */,
				56CDD5871AF973F500890A48 /* Test */,
			);
			name = Controller;
			sourceTree = "<group>";
		};
		564FFE4B1AF16E5B00214A4E /* View */ = {
			isa = PBXGroup;
			children = (
				564FFE2A1AF166ED00214A4E /* Main.storyboard */,
			);
			name = View;
			sourceTree = "<group>";
		};
		56CDD5811AF9737600890A48 /* CheckingIn */ = {
			isa = PBXGroup;
			children = (
				56CDD57E1AF95E4500890A48 /* CheckInViewController.h */,
				56CDD57F1AF95E4500890A48 /* CheckInViewController.m */,
				5629C82D1AF1E7F300135CA3 /* CheckedInStudentsTableViewController.h */,
				5629C82E1AF1E7F300135CA3 /* CheckedInStudentsTableViewController.m */,
				56CDD5821AF9739D00890A48 /* AvailableDatesTableViewController.h */,
				56CDD5831AF9739D00890A48 /* AvailableDatesTableViewController.m */,
			);
			name = CheckingIn;
			sourceTree = "<group>";
		};
		56CDD5851AF973BC00890A48 /* AddingDate */ = {
			isa = PBXGroup;
			children = (
				5629C82A1AF1E31400135CA3 /* DatesInputViewController.h */,
				5629C82B1AF1E31400135CA3 /* DatesInputViewController.m */,
				564FFE4C1AF1706100214A4E /* DatesTableViewController.h */,
				564FFE4D1AF1706100214A4E /* DatesTableViewController.m */,
			);
			name = AddingDate;
			sourceTree = "<group>";
		};
		56CDD5861AF973C800890A48 /* AddingInRoster */ = {
			isa = PBXGroup;
			children = (
				564FFE4F1AF171A400214A4E /* RosterTableViewController.h */,
				564FFE501AF171A400214A4E /* RosterTableViewController.m */,
				5629C8261AF1D94600135CA3 /* RosterInputViewController.h */,
				5629C8271AF1D94600135CA3 /* RosterInputViewController.m */,
			);
			name = AddingInRoster;
			sourceTree = "<group>";
		};
		56CDD5871AF973F500890A48 /* Test */ = {
			isa = PBXGroup;
			children = (
				564FFE271AF166ED00214A4E /* ViewController.h */,
				564FFE281AF166ED00214A4E /* ViewController.m */,
			);
			name = Test;
			sourceTree = "<group>";
		};
/* End PBXGroup section */

/* Begin PBXNativeTarget section */
		564FFE1C1AF166ED00214A4E /* Class_Check_In */ = {
			isa = PBXNativeTarget;
			buildConfigurationList = 564FFE401AF166ED00214A4E /* Build configuration list for PBXNativeTarget "Class_Check_In" */;
			buildPhases = (
				564FFE191AF166ED00214A4E /* Sources */,
				564FFE1A1AF166ED00214A4E /* Frameworks */,
				564FFE1B1AF166ED00214A4E /* Resources */,
			);
			buildRules = (
			);
			dependencies = (
			);
			name = Class_Check_In;
			productName = Class_Check_In;
			productReference = 564FFE1D1AF166ED00214A4E /* Class_Check_In.app */;
			productType = "com.apple.product-type.application";
		};
		564FFE351AF166ED00214A4E /* Class_Check_InTests */ = {
			isa = PBXNativeTarget;
			buildConfigurationList = 564FFE431AF166ED00214A4E /* Build configuration list for PBXNativeTarget "Class_Check_InTests" */;
			buildPhases = (
				564FFE321AF166ED00214A4E /* Sources */,
				564FFE331AF166ED00214A4E /* Frameworks */,
				564FFE341AF166ED00214A4E /* Resources */,
			);
			buildRules = (
			);
			dependencies = (
				564FFE381AF166ED00214A4E /* PBXTargetDependency */,
			);
			name = Class_Check_InTests;
			productName = Class_Check_InTests;
			productReference = 564FFE361AF166ED00214A4E /* Class_Check_InTests.xctest */;
			productType = "com.apple.product-type.bundle.unit-test";
		};
/* End PBXNativeTarget section */

/* Begin PBXProject section */
		564FFE151AF166ED00214A4E /* Project object */ = {
			isa = PBXProject;
			attributes = {
				LastUpgradeCheck = 0610;
				ORGANIZATIONNAME = "Adrian Cagaanan";
				TargetAttributes = {
					564FFE1C1AF166ED00214A4E = {
						CreatedOnToolsVersion = 6.1.1;
						DevelopmentTeam = 7FX28RKSGV;
					};
					564FFE351AF166ED00214A4E = {
						CreatedOnToolsVersion = 6.1.1;
						TestTargetID = 564FFE1C1AF166ED00214A4E;
					};
				};
			};
			buildConfigurationList = 564FFE181AF166ED00214A4E /* Build configuration list for PBXProject "Class_Check_In" */;
			compatibilityVersion = "Xcode 3.2";
			developmentRegion = English;
			hasScannedForEncodings = 0;
			knownRegions = (
				en,
				Base,
			);
			mainGroup = 564FFE141AF166EC00214A4E;
			productRefGroup = 564FFE1E1AF166ED00214A4E /* Products */;
			projectDirPath = "";
			projectRoot = "";
			targets = (
				564FFE1C1AF166ED00214A4E /* Class_Check_In */,
				564FFE351AF166ED00214A4E /* Class_Check_InTests */,
			);
		};
/* End PBXProject section */

/* Begin PBXResourcesBuildPhase section */
		564FFE1B1AF166ED00214A4E /* Resources */ = {
			isa = PBXResourcesBuildPhase;
			buildActionMask = 2147483647;
			files = (
				564FFE2C1AF166ED00214A4E /* Main.storyboard in Resources */,
				564FFE311AF166ED00214A4E /* LaunchScreen.xib in Resources */,
				56CDD5891AF9752500890A48 /* dates.plist in Resources */,
				564FFE2E1AF166ED00214A4E /* Images.xcassets in Resources */,
			);
			runOnlyForDeploymentPostprocessing = 0;
		};
		564FFE341AF166ED00214A4E /* Resources */ = {
			isa = PBXResourcesBuildPhase;
			buildActionMask = 2147483647;
			files = (
			);
			runOnlyForDeploymentPostprocessing = 0;
		};
/* End PBXResourcesBuildPhase section */

/* Begin PBXSourcesBuildPhase section */
		564FFE191AF166ED00214A4E /* Sources */ = {
			isa = PBXSourcesBuildPhase;
			buildActionMask = 2147483647;
			files = (
				564FFE291AF166ED00214A4E /* ViewController.m in Sources */,
				564FFE511AF171A400214A4E /* RosterTableViewController.m in Sources */,
				5629C8281AF1D94600135CA3 /* RosterInputViewController.m in Sources */,
				564FFE541AF172A100214A4E /* Class_Check_In_Model.m in Sources */,
				564FFE4E1AF1706100214A4E /* DatesTableViewController.m in Sources */,
				5629C82C1AF1E31400135CA3 /* DatesInputViewController.m in Sources */,
				56CDD5801AF95E4500890A48 /* CheckInViewController.m in Sources */,
				5629C82F1AF1E7F300135CA3 /* CheckedInStudentsTableViewController.m in Sources */,
				564FFE261AF166ED00214A4E /* AppDelegate.m in Sources */,
				564FFE231AF166ED00214A4E /* main.m in Sources */,
				56CDD5841AF9739D00890A48 /* AvailableDatesTableViewController.m in Sources */,
			);
			runOnlyForDeploymentPostprocessing = 0;
		};
		564FFE321AF166ED00214A4E /* Sources */ = {
			isa = PBXSourcesBuildPhase;
			buildActionMask = 2147483647;
			files = (
				564FFE3D1AF166ED00214A4E /* Class_Check_InTests.m in Sources */,
			);
			runOnlyForDeploymentPostprocessing = 0;
		};
/* End PBXSourcesBuildPhase section */

/* Begin PBXTargetDependency section */
		564FFE381AF166ED00214A4E /* PBXTargetDependency */ = {
			isa = PBXTargetDependency;
			target = 564FFE1C1AF166ED00214A4E /* Class_Check_In */;
			targetProxy = 564FFE371AF166ED00214A4E /* PBXContainerItemProxy */;
		};
/* End PBXTargetDependency section */

/* Begin PBXVariantGroup section */
		564FFE2A1AF166ED00214A4E /* Main.storyboard */ = {
			isa = PBXVariantGroup;
			children = (
				564FFE2B1AF166ED00214A4E /* Base */,
			);
			name = Main.storyboard;
			sourceTree = "<group>";
		};
		564FFE2F1AF166ED00214A4E /* LaunchScreen.xib */ = {
			isa = PBXVariantGroup;
			children = (
				564FFE301AF166ED00214A4E /* Base */,
			);
			name = LaunchScreen.xib;
			sourceTree = "<group>";
		};
/* End PBXVariantGroup section */

/* Begin XCBuildConfiguration section */
		564FFE3E1AF166ED00214A4E /* Debug */ = {
			isa = XCBuildConfiguration;
			buildSettings = {
				ALWAYS_SEARCH_USER_PATHS = NO;
				CLANG_CXX_LANGUAGE_STANDARD = "gnu++0x";
				CLANG_CXX_LIBRARY = "libc++";
				CLANG_ENABLE_MODULES = YES;
				CLANG_ENABLE_OBJC_ARC = YES;
				CLANG_WARN_BOOL_CONVERSION = YES;
				CLANG_WARN_CONSTANT_CONVERSION = YES;
				CLANG_WARN_DIRECT_OBJC_ISA_USAGE = YES_ERROR;
				CLANG_WARN_EMPTY_BODY = YES;
				CLANG_WARN_ENUM_CONVERSION = YES;
				CLANG_WARN_INT_CONVERSION = YES;
				CLANG_WARN_OBJC_ROOT_CLASS = YES_ERROR;
				CLANG_WARN_UNREACHABLE_CODE = YES;
				CLANG_WARN__DUPLICATE_METHOD_MATCH = YES;
				"CODE_SIGN_IDENTITY[sdk=iphoneos*]" = "iPhone Developer";
				COPY_PHASE_STRIP = NO;
				ENABLE_STRICT_OBJC_MSGSEND = YES;
				GCC_C_LANGUAGE_STANDARD = gnu99;
				GCC_DYNAMIC_NO_PIC = NO;
				GCC_OPTIMIZATION_LEVEL = 0;
				GCC_PREPROCESSOR_DEFINITIONS = (
					"DEBUG=1",
					"$(inherited)",
				);
				GCC_SYMBOLS_PRIVATE_EXTERN = NO;
				GCC_WARN_64_TO_32_BIT_CONVERSION = YES;
				GCC_WARN_ABOUT_RETURN_TYPE = YES_ERROR;
				GCC_WARN_UNDECLARED_SELECTOR = YES;
				GCC_WARN_UNINITIALIZED_AUTOS = YES_AGGRESSIVE;
				GCC_WARN_UNUSED_FUNCTION = YES;
				GCC_WARN_UNUSED_VARIABLE = YES;
				IPHONEOS_DEPLOYMENT_TARGET = 8.1;
				MTL_ENABLE_DEBUG_INFO = YES;
				ONLY_ACTIVE_ARCH = YES;
				SDKROOT = iphoneos;
			};
			name = Debug;
		};
		564FFE3F1AF166ED00214A4E /* Release */ = {
			isa = XCBuildConfiguration;
			buildSettings = {
				ALWAYS_SEARCH_USER_PATHS = NO;
				CLANG_CXX_LANGUAGE_STANDARD = "gnu++0x";
				CLANG_CXX_LIBRARY = "libc++";
				CLANG_ENABLE_MODULES = YES;
				CLANG_ENABLE_OBJC_ARC = YES;
				CLANG_WARN_BOOL_CONVERSION = YES;
				CLANG_WARN_CONSTANT_CONVERSION = YES;
				CLANG_WARN_DIRECT_OBJC_ISA_USAGE = YES_ERROR;
				CLANG_WARN_EMPTY_BODY = YES;
				CLANG_WARN_ENUM_CONVERSION = YES;
				CLANG_WARN_INT_CONVERSION = YES;
				CLANG_WARN_OBJC_ROOT_CLASS = YES_ERROR;
				CLANG_WARN_UNREACHABLE_CODE = YES;
				CLANG_WARN__DUPLICATE_METHOD_MATCH = YES;
				"CODE_SIGN_IDENTITY[sdk=iphoneos*]" = "iPhone Developer";
				COPY_PHASE_STRIP = YES;
				ENABLE_NS_ASSERTIONS = NO;
				ENABLE_STRICT_OBJC_MSGSEND = YES;
				GCC_C_LANGUAGE_STANDARD = gnu99;
				GCC_WARN_64_TO_32_BIT_CONVERSION = YES;
				GCC_WARN_ABOUT_RETURN_TYPE = YES_ERROR;
				GCC_WARN_UNDECLARED_SELECTOR = YES;
				GCC_WARN_UNINITIALIZED_AUTOS = YES_AGGRESSIVE;
				GCC_WARN_UNUSED_FUNCTION = YES;
				GCC_WARN_UNUSED_VARIABLE = YES;
				IPHONEOS_DEPLOYMENT_TARGET = 8.1;
				MTL_ENABLE_DEBUG_INFO = NO;
				SDKROOT = iphoneos;
				VALIDATE_PRODUCT = YES;
			};
			name = Release;
		};
		564FFE411AF166ED00214A4E /* Debug */ = {
			isa = XCBuildConfiguration;
			buildSettings = {
				ASSETCATALOG_COMPILER_APPICON_NAME = AppIcon;
				CODE_SIGN_IDENTITY = "iPhone Developer: Adrian Cagaanan (Z6X64U4EW5)";
				INFOPLIST_FILE = Class_Check_In/Info.plist;
				IPHONEOS_DEPLOYMENT_TARGET = 8.1;
				LD_RUNPATH_SEARCH_PATHS = "$(inherited) @executable_path/Frameworks";
				PRODUCT_NAME = "$(TARGET_NAME)";
				TARGETED_DEVICE_FAMILY = 1;
			};
			name = Debug;
		};
		564FFE421AF166ED00214A4E /* Release */ = {
			isa = XCBuildConfiguration;
			buildSettings = {
				ASSETCATALOG_COMPILER_APPICON_NAME = AppIcon;
				CODE_SIGN_IDENTITY = "iPhone Developer: Adrian Cagaanan (Z6X64U4EW5)";
				INFOPLIST_FILE = Class_Check_In/Info.plist;
				IPHONEOS_DEPLOYMENT_TARGET = 8.1;
				LD_RUNPATH_SEARCH_PATHS = "$(inherited) @executable_path/Frameworks";
				PRODUCT_NAME = "$(TARGET_NAME)";
				TARGETED_DEVICE_FAMILY = 1;
			};
			name = Release;
		};
		564FFE441AF166ED00214A4E /* Debug */ = {
			isa = XCBuildConfiguration;
			buildSettings = {
				BUNDLE_LOADER = "$(TEST_HOST)";
				FRAMEWORK_SEARCH_PATHS = (
					"$(SDKROOT)/Developer/Library/Frameworks",
					"$(inherited)",
				);
				GCC_PREPROCESSOR_DEFINITIONS = (
					"DEBUG=1",
					"$(inherited)",
				);
				INFOPLIST_FILE = Class_Check_InTests/Info.plist;
				LD_RUNPATH_SEARCH_PATHS = "$(inherited) @executable_path/Frameworks @loader_path/Frameworks";
				PRODUCT_NAME = "$(TARGET_NAME)";
				TEST_HOST = "$(BUILT_PRODUCTS_DIR)/Class_Check_In.app/Class_Check_In";
			};
			name = Debug;
		};
		564FFE451AF166ED00214A4E /* Release */ = {
			isa = XCBuildConfiguration;
			buildSettings = {
				BUNDLE_LOADER = "$(TEST_HOST)";
				FRAMEWORK_SEARCH_PATHS = (
					"$(SDKROOT)/Developer/Library/Frameworks",
					"$(inherited)",
				);
				INFOPLIST_FILE = Class_Check_InTests/Info.plist;
				LD_RUNPATH_SEARCH_PATHS = "$(inherited) @executable_path/Frameworks @loader_path/Frameworks";
				PRODUCT_NAME = "$(TARGET_NAME)";
				TEST_HOST = "$(BUILT_PRODUCTS_DIR)/Class_Check_In.app/Class_Check_In";
			};
			name = Release;
		};
/* End XCBuildConfiguration section */

/* Begin XCConfigurationList section */
		564FFE181AF166ED00214A4E /* Build configuration list for PBXProject "Class_Check_In" */ = {
			isa = XCConfigurationList;
			buildConfigurations = (
				564FFE3E1AF166ED00214A4E /* Debug */,
				564FFE3F1AF166ED00214A4E /* Release */,
			);
			defaultConfigurationIsVisible = 0;
			defaultConfigurationName = Release;
		};
		564FFE401AF166ED00214A4E /* Build configuration list for PBXNativeTarget "Class_Check_In" */ = {
			isa = XCConfigurationList;
			buildConfigurations = (
				564FFE411AF166ED00214A4E /* Debug */,
				564FFE421AF166ED00214A4E /* Release */,
			);
			defaultConfigurationIsVisible = 0;
			defaultConfigurationName = Release;
		};
		564FFE431AF166ED00214A4E /* Build configuration list for PBXNativeTarget "Class_Check_InTests" */ = {
			isa = XCConfigurationList;
			buildConfigurations = (
				564FFE441AF166ED00214A4E /* Debug */,
				564FFE451AF166ED00214A4E /* Release */,
			);
			defaultConfigurationIsVisible = 0;
			defaultConfigurationName = Release;
		};
/* End XCConfigurationList section */
	};
	rootObject = 564FFE151AF166ED00214A4E /* Project object */;
}
